DEPENDENCIES
  apt
  minitest-handler
  teamcity_server
    path: .
    metadata: true
  teamcity_server_test
    path: test/cookbooks/teamcity_server_test

GRAPH
  apt (2.6.0)
  chef_handler (1.1.6)
  java (1.28.0)
  minitest-handler (1.3.2)
    chef_handler (>= 0.0.0)
  teamcity_server (0.2.2)
    java (>= 0.0.0)
  teamcity_server_test (0.1.0)
    teamcity_server (>= 0.0.0)
